
Microsoft Visual Studio Solution File, Format Version 12.00
# Visual Studio Version 16
VisualStudioVersion = 16.0.32228.343
MinimumVisualStudioVersion = 10.0.40219.1
Project("{FAE04EC0-301F-11D3-BF4B-00C04F79EFBC}") = "LeranClassLibrary", "LeranClassLibrary\LeranClassLibrary.csproj", "{0CC54D31-EC5D-4A46-B97F-B51645C1B76F}"
EndProject
Project("{FAE04EC0-301F-11D3-BF4B-00C04F79EFBC}") = "LeranClassLibrary.Test1", "LeranClassLibrary.Test1\LeranClassLibrary.Test1.csproj", "{13D86EB5-2E5B-4C03-95AF-DDF7DC79320C}"
EndProject
Global
	GlobalSection(SolutionConfigurationPlatforms) = preSolution
		Debug|Any CPU = Debug|Any CPU
		Release|Any CPU = Release|Any CPU
	EndGlobalSection
	GlobalSection(ProjectConfigurationPlatforms) = postSolution
		{0CC54D31-EC5D-4A46-B97F-B51645C1B76F}.Debug|Any CPU.ActiveCfg = Debug|Any CPU
		{0CC54D31-EC5D-4A46-B97F-B51645C1B76F}.Debug|Any CPU.Build.0 = Debug|Any CPU
		{0CC54D31-EC5D-4A46-B97F-B51645C1B76F}.Release|Any CPU.ActiveCfg = Release|Any CPU
		{0CC54D31-EC5D-4A46-B97F-B51645C1B76F}.Release|Any CPU.Build.0 = Release|Any CPU
		{13D86EB5-2E5B-4C03-95AF-DDF7DC79320C}.Debug|Any CPU.ActiveCfg = Debug|Any CPU
		{13D86EB5-2E5B-4C03-95AF-DDF7DC79320C}.Debug|Any CPU.Build.0 = Debug|Any CPU
		{13D86EB5-2E5B-4C03-95AF-DDF7DC79320C}.Release|Any CPU.ActiveCfg = Release|Any CPU
		{13D86EB5-2E5B-4C03-95AF-DDF7DC79320C}.Release|Any CPU.Build.0 = Release|Any CPU
	EndGlobalSection
	GlobalSection(SolutionProperties) = preSolution
		HideSolutionNode = FALSE
	EndGlobalSection
	GlobalSection(ExtensibilityGlobals) = postSolution
		SolutionGuid = {77A6FD4C-2C41-499C-A73D-A440B88620F6}
	EndGlobalSection
EndGlobal
